<?xml version="1.0" encoding="utf-8"?>
<Project ToolsVersion="4.0" xmlns="http://schemas.microsoft.com/developer/msbuild/2003">
  <ItemGroup>
    <Filter Include="Source files">
      <UniqueIdentifier>{a21b55b8-d8ed-404b-98a1-31a35dfc766e}</UniqueIdentifier>
      <Extensions>cpp;c;cc;cxx;def;odl;idl;hpj;bat;asm;asmx</Extensions>
    </Filter>
    <Filter Include="Header files">
      <UniqueIdentifier>{9c57b648-a9fe-4f5e-bbfe-368402771ac5}</UniqueIdentifier>
      <Extensions>h;hpp;hxx;hm;inl;inc;xsd</Extensions>
    </Filter>
    <Filter Include="Resource files">
      <UniqueIdentifier>{012aa06b-3079-4be0-bac2-315f55e3a5de}</UniqueIdentifier>
      <Extensions>rc;ico;cur;bmp;dlg;rc2;rct;bin;rgs;gif;jpg;jpeg;jpe;resx;tiff;tif;png;wav</Extensions>
    </Filter>
    <Filter Include="Source files\Device-specific files">
      <UniqueIdentifier>{5ea60830-a680-42d9-b13c-90a0868fe248}</UniqueIdentifier>
    </Filter>
    <Filter Include="Source files\Device-specific files\LL">
      <UniqueIdentifier>{cf28cd25-0ffe-49d0-bc29-bf12fb38e307}</UniqueIdentifier>
    </Filter>
    <Filter Include="Header files\Device-specific files">
      <UniqueIdentifier>{6bda6c2d-d0e6-4f4f-9d2c-05573678842b}</UniqueIdentifier>
    </Filter>
    <Filter Include="Header files\Device-specific files\LL">
      <UniqueIdentifier>{a5b34831-6f39-4006-ba29-113c4f966404}</UniqueIdentifier>
    </Filter>
    <Filter Include="VisualGDB settings">
      <UniqueIdentifier>{c980eb9d-683a-4d69-b7be-c84149a7eb01}</UniqueIdentifier>
    </Filter>
    <Filter Include="Header files\F4_Peripherals">
      <UniqueIdentifier>{fa7bc9a9-bd60-4ed0-bc50-f31d97d1508f}</UniqueIdentifier>
    </Filter>
    <Filter Include="Source files\F4_Peripherals">
      <UniqueIdentifier>{b2ac6c25-f20d-4e71-aef6-d3985b1b06e5}</UniqueIdentifier>
    </Filter>
    <Filter Include="Header files\images">
      <UniqueIdentifier>{041b30ad-a828-46dc-894a-7bcfc7b4dcea}</UniqueIdentifier>
    </Filter>
    <Filter Include="Header files\lvgl">
      <UniqueIdentifier>{8991ddb8-6d3d-475b-9059-58a8b0fda209}</UniqueIdentifier>
    </Filter>
    <Filter Include="Source files\lvgl">
      <UniqueIdentifier>{6af56762-7ff3-4408-b3ad-58101fe79f6e}</UniqueIdentifier>
    </Filter>
  </ItemGroup>
  <ItemGroup>
    <ClCompile Include="STM32F4_TG.c">
      <Filter>Source files</Filter>
    </ClCompile>
    <ClCompile Include="system_stm32f4xx.c">
      <Filter>Source files</Filter>
    </ClCompile>
    <None Include="stm32.props">
      <Filter>Source files\Device-specific files</Filter>
    </None>
    <ClCompile Include="$(BSP_ROOT)\STM32F4xxxx\StartupFiles\startup_stm32f429xx.c">
      <Filter>Source files\Device-specific files</Filter>
    </ClCompile>
    <ClCompile Include="$(BSP_ROOT)\STM32F4xxxx\STM32F4xx_HAL_Driver\Src\stm32f4xx_ll_adc.c">
      <Filter>Source files\Device-specific files\LL</Filter>
    </ClCompile>
    <ClCompile Include="$(BSP_ROOT)\STM32F4xxxx\STM32F4xx_HAL_Driver\Src\stm32f4xx_ll_crc.c">
      <Filter>Source files\Device-specific files\LL</Filter>
    </ClCompile>
    <ClCompile Include="$(BSP_ROOT)\STM32F4xxxx\STM32F4xx_HAL_Driver\Src\stm32f4xx_ll_dac.c">
      <Filter>Source files\Device-specific files\LL</Filter>
    </ClCompile>
    <ClCompile Include="$(BSP_ROOT)\STM32F4xxxx\STM32F4xx_HAL_Driver\Src\stm32f4xx_ll_dma.c">
      <Filter>Source files\Device-specific files\LL</Filter>
    </ClCompile>
    <ClCompile Include="$(BSP_ROOT)\STM32F4xxxx\STM32F4xx_HAL_Driver\Src\stm32f4xx_ll_dma2d.c">
      <Filter>Source files\Device-specific files\LL</Filter>
    </ClCompile>
    <ClCompile Include="$(BSP_ROOT)\STM32F4xxxx\STM32F4xx_HAL_Driver\Src\stm32f4xx_ll_exti.c">
      <Filter>Source files\Device-specific files\LL</Filter>
    </ClCompile>
    <ClCompile Include="$(BSP_ROOT)\STM32F4xxxx\STM32F4xx_HAL_Driver\Src\stm32f4xx_ll_fmc.c">
      <Filter>Source files\Device-specific files\LL</Filter>
    </ClCompile>
    <ClCompile Include="$(BSP_ROOT)\STM32F4xxxx\STM32F4xx_HAL_Driver\Src\stm32f4xx_ll_fmpi2c.c">
      <Filter>Source files\Device-specific files\LL</Filter>
    </ClCompile>
    <ClCompile Include="$(BSP_ROOT)\STM32F4xxxx\STM32F4xx_HAL_Driver\Src\stm32f4xx_ll_fsmc.c">
      <Filter>Source files\Device-specific files\LL</Filter>
    </ClCompile>
    <ClCompile Include="$(BSP_ROOT)\STM32F4xxxx\STM32F4xx_HAL_Driver\Src\stm32f4xx_ll_gpio.c">
      <Filter>Source files\Device-specific files\LL</Filter>
    </ClCompile>
    <ClCompile Include="$(BSP_ROOT)\STM32F4xxxx\STM32F4xx_HAL_Driver\Src\stm32f4xx_ll_i2c.c">
      <Filter>Source files\Device-specific files\LL</Filter>
    </ClCompile>
    <ClCompile Include="$(BSP_ROOT)\STM32F4xxxx\STM32F4xx_HAL_Driver\Src\stm32f4xx_ll_lptim.c">
      <Filter>Source files\Device-specific files\LL</Filter>
    </ClCompile>
    <ClCompile Include="$(BSP_ROOT)\STM32F4xxxx\STM32F4xx_HAL_Driver\Src\stm32f4xx_ll_pwr.c">
      <Filter>Source files\Device-specific files\LL</Filter>
    </ClCompile>
    <ClCompile Include="$(BSP_ROOT)\STM32F4xxxx\STM32F4xx_HAL_Driver\Src\stm32f4xx_ll_rcc.c">
      <Filter>Source files\Device-specific files\LL</Filter>
    </ClCompile>
    <ClCompile Include="$(BSP_ROOT)\STM32F4xxxx\STM32F4xx_HAL_Driver\Src\stm32f4xx_ll_rng.c">
      <Filter>Source files\Device-specific files\LL</Filter>
    </ClCompile>
    <ClCompile Include="$(BSP_ROOT)\STM32F4xxxx\STM32F4xx_HAL_Driver\Src\stm32f4xx_ll_rtc.c">
      <Filter>Source files\Device-specific files\LL</Filter>
    </ClCompile>
    <ClCompile Include="$(BSP_ROOT)\STM32F4xxxx\STM32F4xx_HAL_Driver\Src\stm32f4xx_ll_sdmmc.c">
      <Filter>Source files\Device-specific files\LL</Filter>
    </ClCompile>
    <ClCompile Include="$(BSP_ROOT)\STM32F4xxxx\STM32F4xx_HAL_Driver\Src\stm32f4xx_ll_spi.c">
      <Filter>Source files\Device-specific files\LL</Filter>
    </ClCompile>
    <ClCompile Include="$(BSP_ROOT)\STM32F4xxxx\STM32F4xx_HAL_Driver\Src\stm32f4xx_ll_tim.c">
      <Filter>Source files\Device-specific files\LL</Filter>
    </ClCompile>
    <ClCompile Include="$(BSP_ROOT)\STM32F4xxxx\STM32F4xx_HAL_Driver\Src\stm32f4xx_ll_usart.c">
      <Filter>Source files\Device-specific files\LL</Filter>
    </ClCompile>
    <ClCompile Include="$(BSP_ROOT)\STM32F4xxxx\STM32F4xx_HAL_Driver\Src\stm32f4xx_ll_utils.c">
      <Filter>Source files\Device-specific files\LL</Filter>
    </ClCompile>
    <ClInclude Include="stm32f4xx_hal_conf.h">
      <Filter>Header files</Filter>
    </ClInclude>
    <ClInclude Include="$(BSP_ROOT)\STM32F4xxxx\STM32F4xx_HAL_Driver\Inc\stm32f4xx_ll_adc.h">
      <Filter>Header files\Device-specific files\LL</Filter>
    </ClInclude>
    <ClInclude Include="$(BSP_ROOT)\STM32F4xxxx\STM32F4xx_HAL_Driver\Inc\stm32f4xx_ll_bus.h">
      <Filter>Header files\Device-specific files\LL</Filter>
    </ClInclude>
    <ClInclude Include="$(BSP_ROOT)\STM32F4xxxx\STM32F4xx_HAL_Driver\Inc\stm32f4xx_ll_cortex.h">
      <Filter>Header files\Device-specific files\LL</Filter>
    </ClInclude>
    <ClInclude Include="$(BSP_ROOT)\STM32F4xxxx\STM32F4xx_HAL_Driver\Inc\stm32f4xx_ll_crc.h">
      <Filter>Header files\Device-specific files\LL</Filter>
    </ClInclude>
    <ClInclude Include="$(BSP_ROOT)\STM32F4xxxx\STM32F4xx_HAL_Driver\Inc\stm32f4xx_ll_dac.h">
      <Filter>Header files\Device-specific files\LL</Filter>
    </ClInclude>
    <ClInclude Include="$(BSP_ROOT)\STM32F4xxxx\STM32F4xx_HAL_Driver\Inc\stm32f4xx_ll_dma.h">
      <Filter>Header files\Device-specific files\LL</Filter>
    </ClInclude>
    <ClInclude Include="$(BSP_ROOT)\STM32F4xxxx\STM32F4xx_HAL_Driver\Inc\stm32f4xx_ll_dma2d.h">
      <Filter>Header files\Device-specific files\LL</Filter>
    </ClInclude>
    <ClInclude Include="$(BSP_ROOT)\STM32F4xxxx\STM32F4xx_HAL_Driver\Inc\stm32f4xx_ll_exti.h">
      <Filter>Header files\Device-specific files\LL</Filter>
    </ClInclude>
    <ClInclude Include="$(BSP_ROOT)\STM32F4xxxx\STM32F4xx_HAL_Driver\Inc\stm32f4xx_ll_fmc.h">
      <Filter>Header files\Device-specific files\LL</Filter>
    </ClInclude>
    <ClInclude Include="$(BSP_ROOT)\STM32F4xxxx\STM32F4xx_HAL_Driver\Inc\stm32f4xx_ll_fmpi2c.h">
      <Filter>Header files\Device-specific files\LL</Filter>
    </ClInclude>
    <ClInclude Include="$(BSP_ROOT)\STM32F4xxxx\STM32F4xx_HAL_Driver\Inc\stm32f4xx_ll_fsmc.h">
      <Filter>Header files\Device-specific files\LL</Filter>
    </ClInclude>
    <ClInclude Include="$(BSP_ROOT)\STM32F4xxxx\STM32F4xx_HAL_Driver\Inc\stm32f4xx_ll_gpio.h">
      <Filter>Header files\Device-specific files\LL</Filter>
    </ClInclude>
    <ClInclude Include="$(BSP_ROOT)\STM32F4xxxx\STM32F4xx_HAL_Driver\Inc\stm32f4xx_ll_i2c.h">
      <Filter>Header files\Device-specific files\LL</Filter>
    </ClInclude>
    <ClInclude Include="$(BSP_ROOT)\STM32F4xxxx\STM32F4xx_HAL_Driver\Inc\stm32f4xx_ll_iwdg.h">
      <Filter>Header files\Device-specific files\LL</Filter>
    </ClInclude>
    <ClInclude Include="$(BSP_ROOT)\STM32F4xxxx\STM32F4xx_HAL_Driver\Inc\stm32f4xx_ll_lptim.h">
      <Filter>Header files\Device-specific files\LL</Filter>
    </ClInclude>
    <ClInclude Include="$(BSP_ROOT)\STM32F4xxxx\STM32F4xx_HAL_Driver\Inc\stm32f4xx_ll_pwr.h">
      <Filter>Header files\Device-specific files\LL</Filter>
    </ClInclude>
    <ClInclude Include="$(BSP_ROOT)\STM32F4xxxx\STM32F4xx_HAL_Driver\Inc\stm32f4xx_ll_rcc.h">
      <Filter>Header files\Device-specific files\LL</Filter>
    </ClInclude>
    <ClInclude Include="$(BSP_ROOT)\STM32F4xxxx\STM32F4xx_HAL_Driver\Inc\stm32f4xx_ll_rng.h">
      <Filter>Header files\Device-specific files\LL</Filter>
    </ClInclude>
    <ClInclude Include="$(BSP_ROOT)\STM32F4xxxx\STM32F4xx_HAL_Driver\Inc\stm32f4xx_ll_rtc.h">
      <Filter>Header files\Device-specific files\LL</Filter>
    </ClInclude>
    <ClInclude Include="$(BSP_ROOT)\STM32F4xxxx\STM32F4xx_HAL_Driver\Inc\stm32f4xx_ll_sdmmc.h">
      <Filter>Header files\Device-specific files\LL</Filter>
    </ClInclude>
    <ClInclude Include="$(BSP_ROOT)\STM32F4xxxx\STM32F4xx_HAL_Driver\Inc\stm32f4xx_ll_spi.h">
      <Filter>Header files\Device-specific files\LL</Filter>
    </ClInclude>
    <ClInclude Include="$(BSP_ROOT)\STM32F4xxxx\STM32F4xx_HAL_Driver\Inc\stm32f4xx_ll_system.h">
      <Filter>Header files\Device-specific files\LL</Filter>
    </ClInclude>
    <ClInclude Include="$(BSP_ROOT)\STM32F4xxxx\STM32F4xx_HAL_Driver\Inc\stm32f4xx_ll_tim.h">
      <Filter>Header files\Device-specific files\LL</Filter>
    </ClInclude>
    <ClInclude Include="$(BSP_ROOT)\STM32F4xxxx\STM32F4xx_HAL_Driver\Inc\stm32f4xx_ll_usart.h">
      <Filter>Header files\Device-specific files\LL</Filter>
    </ClInclude>
    <ClInclude Include="$(BSP_ROOT)\STM32F4xxxx\STM32F4xx_HAL_Driver\Inc\stm32f4xx_ll_utils.h">
      <Filter>Header files\Device-specific files\LL</Filter>
    </ClInclude>
    <ClInclude Include="$(BSP_ROOT)\STM32F4xxxx\STM32F4xx_HAL_Driver\Inc\stm32f4xx_ll_wwdg.h">
      <Filter>Header files\Device-specific files\LL</Filter>
    </ClInclude>
    <None Include="STM32F4_TG-Debug.vgdbsettings">
      <Filter>VisualGDB settings</Filter>
    </None>
    <None Include="STM32F4_TG-Release.vgdbsettings">
      <Filter>VisualGDB settings</Filter>
    </None>
    <None Include="stm32.xml">
      <Filter>VisualGDB settings</Filter>
    </None>
    <ClCompile Include="F4_Peripherals\stm32f4xx_ltdc.c">
      <Filter>Source files\F4_Peripherals</Filter>
    </ClCompile>
    <ClCompile Include="F4_Peripherals\fonts.c">
      <Filter>Source files\F4_Peripherals</Filter>
    </ClCompile>
    <ClCompile Include="lvgl\tests\lv_test_fonts\font_1.c">
      <Filter>Source files\lvgl</Filter>
    </ClCompile>
    <ClCompile Include="lvgl\tests\lv_test_fonts\font_2.c">
      <Filter>Source files\lvgl</Filter>
    </ClCompile>
    <ClCompile Include="lvgl\tests\lv_test_fonts\font_3.c">
      <Filter>Source files\lvgl</Filter>
    </ClCompile>
    <ClCompile Include="lvgl\src\lv_misc\lv_anim.c">
      <Filter>Source files\lvgl</Filter>
    </ClCompile>
    <ClCompile Include="lvgl\src\lv_widgets\lv_arc.c">
      <Filter>Source files\lvgl</Filter>
    </ClCompile>
    <ClCompile Include="lvgl\src\lv_misc\lv_area.c">
      <Filter>Source files\lvgl</Filter>
    </ClCompile>
    <ClCompile Include="lvgl\src\lv_misc\lv_async.c">
      <Filter>Source files\lvgl</Filter>
    </ClCompile>
    <ClCompile Include="lvgl\src\lv_widgets\lv_bar.c">
      <Filter>Source files\lvgl</Filter>
    </ClCompile>
    <ClCompile Include="lvgl\src\lv_misc\lv_bidi.c">
      <Filter>Source files\lvgl</Filter>
    </ClCompile>
    <ClCompile Include="lvgl\src\lv_widgets\lv_btn.c">
      <Filter>Source files\lvgl</Filter>
    </ClCompile>
    <ClCompile Include="lvgl\src\lv_widgets\lv_btnmatrix.c">
      <Filter>Source files\lvgl</Filter>
    </ClCompile>
    <ClCompile Include="lvgl\src\lv_widgets\lv_calendar.c">
      <Filter>Source files\lvgl</Filter>
    </ClCompile>
    <ClCompile Include="lvgl\src\lv_widgets\lv_canvas.c">
      <Filter>Source files\lvgl</Filter>
    </ClCompile>
    <ClCompile Include="lvgl\src\lv_widgets\lv_chart.c">
      <Filter>Source files\lvgl</Filter>
    </ClCompile>
    <ClCompile Include="lvgl\src\lv_widgets\lv_checkbox.c">
      <Filter>Source files\lvgl</Filter>
    </ClCompile>
    <ClCompile Include="lvgl\src\lv_misc\lv_color.c">
      <Filter>Source files\lvgl</Filter>
    </ClCompile>
    <ClCompile Include="lvgl\src\lv_widgets\lv_cont.c">
      <Filter>Source files\lvgl</Filter>
    </ClCompile>
    <ClCompile Include="lvgl\src\lv_widgets\lv_cpicker.c">
      <Filter>Source files\lvgl</Filter>
    </ClCompile>
    <ClCompile Include="lvgl\src\lv_misc\lv_debug.c">
      <Filter>Source files\lvgl</Filter>
    </ClCompile>
    <ClCompile Include="lvgl\src\lv_core\lv_disp.c">
      <Filter>Source files\lvgl</Filter>
    </ClCompile>
    <ClCompile Include="lvgl\src\lv_draw\lv_draw_arc.c">
      <Filter>Source files\lvgl</Filter>
    </ClCompile>
    <ClCompile Include="lvgl\src\lv_draw\lv_draw_blend.c">
      <Filter>Source files\lvgl</Filter>
    </ClCompile>
    <ClCompile Include="lvgl\src\lv_draw\lv_draw_img.c">
      <Filter>Source files\lvgl</Filter>
    </ClCompile>
    <ClCompile Include="lvgl\src\lv_draw\lv_draw_label.c">
      <Filter>Source files\lvgl</Filter>
    </ClCompile>
    <ClCompile Include="lvgl\src\lv_draw\lv_draw_line.c">
      <Filter>Source files\lvgl</Filter>
    </ClCompile>
    <ClCompile Include="lvgl\src\lv_draw\lv_draw_mask.c">
      <Filter>Source files\lvgl</Filter>
    </ClCompile>
    <ClCompile Include="lvgl\src\lv_draw\lv_draw_rect.c">
      <Filter>Source files\lvgl</Filter>
    </ClCompile>
    <ClCompile Include="lvgl\src\lv_draw\lv_draw_triangle.c">
      <Filter>Source files\lvgl</Filter>
    </ClCompile>
    <ClCompile Include="lvgl\src\lv_widgets\lv_dropdown.c">
      <Filter>Source files\lvgl</Filter>
    </ClCompile>
    <ClCompile Include="lvgl\src\lv_font\lv_font.c">
      <Filter>Source files\lvgl</Filter>
    </ClCompile>
    <ClCompile Include="lvgl\src\lv_font\lv_font_dejavu_16_persian_hebrew.c">
      <Filter>Source files\lvgl</Filter>
    </ClCompile>
    <ClCompile Include="lvgl\src\lv_font\lv_font_fmt_txt.c">
      <Filter>Source files\lvgl</Filter>
    </ClCompile>
    <ClCompile Include="lvgl\src\lv_font\lv_font_loader.c">
      <Filter>Source files\lvgl</Filter>
    </ClCompile>
    <ClCompile Include="lvgl\src\lv_font\lv_font_montserrat_12.c">
      <Filter>Source files\lvgl</Filter>
    </ClCompile>
    <ClCompile Include="lvgl\src\lv_font\lv_font_montserrat_12_subpx.c">
      <Filter>Source files\lvgl</Filter>
    </ClCompile>
    <ClCompile Include="lvgl\src\lv_font\lv_font_montserrat_14.c">
      <Filter>Source files\lvgl</Filter>
    </ClCompile>
    <ClCompile Include="lvgl\src\lv_font\lv_font_montserrat_16.c">
      <Filter>Source files\lvgl</Filter>
    </ClCompile>
    <ClCompile Include="lvgl\src\lv_font\lv_font_montserrat_18.c">
      <Filter>Source files\lvgl</Filter>
    </ClCompile>
    <ClCompile Include="lvgl\src\lv_font\lv_font_montserrat_20.c">
      <Filter>Source files\lvgl</Filter>
    </ClCompile>
    <ClCompile Include="lvgl\src\lv_font\lv_font_montserrat_22.c">
      <Filter>Source files\lvgl</Filter>
    </ClCompile>
    <ClCompile Include="lvgl\src\lv_font\lv_font_montserrat_24.c">
      <Filter>Source files\lvgl</Filter>
    </ClCompile>
    <ClCompile Include="lvgl\src\lv_font\lv_font_montserrat_26.c">
      <Filter>Source files\lvgl</Filter>
    </ClCompile>
    <ClCompile Include="lvgl\src\lv_font\lv_font_montserrat_28.c">
      <Filter>Source files\lvgl</Filter>
    </ClCompile>
    <ClCompile Include="lvgl\src\lv_font\lv_font_montserrat_28_compressed.c">
      <Filter>Source files\lvgl</Filter>
    </ClCompile>
    <ClCompile Include="lvgl\src\lv_font\lv_font_montserrat_30.c">
      <Filter>Source files\lvgl</Filter>
    </ClCompile>
    <ClCompile Include="lvgl\src\lv_font\lv_font_montserrat_32.c">
      <Filter>Source files\lvgl</Filter>
    </ClCompile>
    <ClCompile Include="lvgl\src\lv_font\lv_font_montserrat_34.c">
      <Filter>Source files\lvgl</Filter>
    </ClCompile>
    <ClCompile Include="lvgl\src\lv_font\lv_font_montserrat_36.c">
      <Filter>Source files\lvgl</Filter>
    </ClCompile>
    <ClCompile Include="lvgl\src\lv_font\lv_font_montserrat_38.c">
      <Filter>Source files\lvgl</Filter>
    </ClCompile>
    <ClCompile Include="lvgl\src\lv_font\lv_font_montserrat_40.c">
      <Filter>Source files\lvgl</Filter>
    </ClCompile>
    <ClCompile Include="lvgl\src\lv_font\lv_font_montserrat_42.c">
      <Filter>Source files\lvgl</Filter>
    </ClCompile>
    <ClCompile Include="lvgl\src\lv_font\lv_font_montserrat_44.c">
      <Filter>Source files\lvgl</Filter>
    </ClCompile>
    <ClCompile Include="lvgl\src\lv_font\lv_font_montserrat_46.c">
      <Filter>Source files\lvgl</Filter>
    </ClCompile>
    <ClCompile Include="lvgl\src\lv_font\lv_font_montserrat_48.c">
      <Filter>Source files\lvgl</Filter>
    </ClCompile>
    <ClCompile Include="lvgl\src\lv_font\lv_font_simsun_16_cjk.c">
      <Filter>Source files\lvgl</Filter>
    </ClCompile>
    <ClCompile Include="lvgl\src\lv_font\lv_font_unscii_8.c">
      <Filter>Source files\lvgl</Filter>
    </ClCompile>
    <ClCompile Include="lvgl\src\lv_misc\lv_fs.c">
      <Filter>Source files\lvgl</Filter>
    </ClCompile>
    <ClCompile Include="lvgl\src\lv_widgets\lv_gauge.c">
      <Filter>Source files\lvgl</Filter>
    </ClCompile>
    <ClCompile Include="lvgl\src\lv_misc\lv_gc.c">
      <Filter>Source files\lvgl</Filter>
    </ClCompile>
    <ClCompile Include="lvgl\src\lv_gpu\lv_gpu_stm32_dma2d.c">
      <Filter>Source files\lvgl</Filter>
    </ClCompile>
    <ClCompile Include="lvgl\src\lv_core\lv_group.c">
      <Filter>Source files\lvgl</Filter>
    </ClCompile>
    <ClCompile Include="lvgl\src\lv_hal\lv_hal_disp.c">
      <Filter>Source files\lvgl</Filter>
    </ClCompile>
    <ClCompile Include="lvgl\src\lv_hal\lv_hal_indev.c">
      <Filter>Source files\lvgl</Filter>
    </ClCompile>
    <ClCompile Include="lvgl\src\lv_hal\lv_hal_tick.c">
      <Filter>Source files\lvgl</Filter>
    </ClCompile>
    <ClCompile Include="lvgl\src\lv_widgets\lv_img.c">
      <Filter>Source files\lvgl</Filter>
    </ClCompile>
    <ClCompile Include="lvgl\src\lv_draw\lv_img_buf.c">
      <Filter>Source files\lvgl</Filter>
    </ClCompile>
    <ClCompile Include="lvgl\src\lv_draw\lv_img_cache.c">
      <Filter>Source files\lvgl</Filter>
    </ClCompile>
    <ClCompile Include="lvgl\src\lv_draw\lv_img_decoder.c">
      <Filter>Source files\lvgl</Filter>
    </ClCompile>
    <ClCompile Include="lvgl\src\lv_widgets\lv_imgbtn.c">
      <Filter>Source files\lvgl</Filter>
    </ClCompile>
    <ClCompile Include="lvgl\src\lv_core\lv_indev.c">
      <Filter>Source files\lvgl</Filter>
    </ClCompile>
    <ClCompile Include="lvgl\src\lv_widgets\lv_keyboard.c">
      <Filter>Source files\lvgl</Filter>
    </ClCompile>
    <ClCompile Include="lvgl\src\lv_widgets\lv_label.c">
      <Filter>Source files\lvgl</Filter>
    </ClCompile>
    <ClCompile Include="lvgl\src\lv_widgets\lv_led.c">
      <Filter>Source files\lvgl</Filter>
    </ClCompile>
    <ClCompile Include="lvgl\src\lv_widgets\lv_line.c">
      <Filter>Source files\lvgl</Filter>
    </ClCompile>
    <ClCompile Include="lvgl\src\lv_widgets\lv_linemeter.c">
      <Filter>Source files\lvgl</Filter>
    </ClCompile>
    <ClCompile Include="lvgl\src\lv_widgets\lv_list.c">
      <Filter>Source files\lvgl</Filter>
    </ClCompile>
    <ClCompile Include="lvgl\src\lv_misc\lv_ll.c">
      <Filter>Source files\lvgl</Filter>
    </ClCompile>
    <ClCompile Include="lvgl\src\lv_misc\lv_log.c">
      <Filter>Source files\lvgl</Filter>
    </ClCompile>
    <ClCompile Include="lvgl\src\lv_misc\lv_math.c">
      <Filter>Source files\lvgl</Filter>
    </ClCompile>
    <ClCompile Include="lvgl\src\lv_misc\lv_mem.c">
      <Filter>Source files\lvgl</Filter>
    </ClCompile>
    <ClCompile Include="lvgl\src\lv_widgets\lv_msgbox.c">
      <Filter>Source files\lvgl</Filter>
    </ClCompile>
    <ClCompile Include="lvgl\src\lv_core\lv_obj.c">
      <Filter>Source files\lvgl</Filter>
    </ClCompile>
    <ClCompile Include="lvgl\src\lv_widgets\lv_objmask.c">
      <Filter>Source files\lvgl</Filter>
    </ClCompile>
    <ClCompile Include="lvgl\src\lv_widgets\lv_objx_templ.c">
      <Filter>Source files\lvgl</Filter>
    </ClCompile>
    <ClCompile Include="lvgl\src\lv_widgets\lv_page.c">
      <Filter>Source files\lvgl</Filter>
    </ClCompile>
    <ClCompile Include="lvgl\examples\porting\lv_port_disp_template.c">
      <Filter>Source files\lvgl</Filter>
    </ClCompile>
    <ClCompile Include="lvgl\examples\porting\lv_port_fs_template.c">
      <Filter>Source files\lvgl</Filter>
    </ClCompile>
    <ClCompile Include="lvgl\examples\porting\lv_port_indev_template.c">
      <Filter>Source files\lvgl</Filter>
    </ClCompile>
    <ClCompile Include="lvgl\src\lv_misc\lv_printf.c">
      <Filter>Source files\lvgl</Filter>
    </ClCompile>
    <ClCompile Include="lvgl\src\lv_core\lv_refr.c">
      <Filter>Source files\lvgl</Filter>
    </ClCompile>
    <ClCompile Include="lvgl\src\lv_widgets\lv_roller.c">
      <Filter>Source files\lvgl</Filter>
    </ClCompile>
    <ClCompile Include="lvgl\src\lv_widgets\lv_slider.c">
      <Filter>Source files\lvgl</Filter>
    </ClCompile>
    <ClCompile Include="lvgl\src\lv_widgets\lv_spinbox.c">
      <Filter>Source files\lvgl</Filter>
    </ClCompile>
    <ClCompile Include="lvgl\src\lv_widgets\lv_spinner.c">
      <Filter>Source files\lvgl</Filter>
    </ClCompile>
    <ClCompile Include="lvgl\src\lv_core\lv_style.c">
      <Filter>Source files\lvgl</Filter>
    </ClCompile>
    <ClCompile Include="lvgl\src\lv_widgets\lv_switch.c">
      <Filter>Source files\lvgl</Filter>
    </ClCompile>
    <ClCompile Include="lvgl\src\lv_widgets\lv_table.c">
      <Filter>Source files\lvgl</Filter>
    </ClCompile>
    <ClCompile Include="lvgl\src\lv_widgets\lv_tabview.c">
      <Filter>Source files\lvgl</Filter>
    </ClCompile>
    <ClCompile Include="lvgl\src\lv_misc\lv_task.c">
      <Filter>Source files\lvgl</Filter>
    </ClCompile>
    <ClCompile Include="lvgl\src\lv_misc\lv_templ.c">
      <Filter>Source files\lvgl</Filter>
    </ClCompile>
    <ClCompile Include="lvgl\tests\lv_test_assert.c">
      <Filter>Source files\lvgl</Filter>
    </ClCompile>
    <ClCompile Include="lvgl\tests\lv_test_objx\lv_test_cont.c">
      <Filter>Source files\lvgl</Filter>
    </ClCompile>
    <ClCompile Include="lvgl\tests\lv_test_core\lv_test_core.c">
      <Filter>Source files\lvgl</Filter>
    </ClCompile>
    <ClCompile Include="lvgl\tests\lv_test_core\lv_test_font_loader.c">
      <Filter>Source files\lvgl</Filter>
    </ClCompile>
    <ClCompile Include="lvgl\tests\lv_test_main.c">
      <Filter>Source files\lvgl</Filter>
    </ClCompile>
    <ClCompile Include="lvgl\tests\lv_test_core\lv_test_obj.c">
      <Filter>Source files\lvgl</Filter>
    </ClCompile>
    <ClCompile Include="lvgl\tests\lv_test_core\lv_test_style.c">
      <Filter>Source files\lvgl</Filter>
    </ClCompile>
    <ClCompile Include="lvgl\src\lv_widgets\lv_textarea.c">
      <Filter>Source files\lvgl</Filter>
    </ClCompile>
    <ClCompile Include="lvgl\src\lv_themes\lv_theme.c">
      <Filter>Source files\lvgl</Filter>
    </ClCompile>
    <ClCompile Include="lvgl\src\lv_themes\lv_theme_empty.c">
      <Filter>Source files\lvgl</Filter>
    </ClCompile>
    <ClCompile Include="lvgl\src\lv_themes\lv_theme_material.c">
      <Filter>Source files\lvgl</Filter>
    </ClCompile>
    <ClCompile Include="lvgl\src\lv_themes\lv_theme_mono.c">
      <Filter>Source files\lvgl</Filter>
    </ClCompile>
    <ClCompile Include="lvgl\src\lv_themes\lv_theme_template.c">
      <Filter>Source files\lvgl</Filter>
    </ClCompile>
    <ClCompile Include="lvgl\src\lv_widgets\lv_tileview.c">
      <Filter>Source files\lvgl</Filter>
    </ClCompile>
    <ClCompile Include="lvgl\src\lv_misc\lv_txt.c">
      <Filter>Source files\lvgl</Filter>
    </ClCompile>
    <ClCompile Include="lvgl\src\lv_misc\lv_txt_ap.c">
      <Filter>Source files\lvgl</Filter>
    </ClCompile>
    <ClCompile Include="lvgl\src\lv_misc\lv_utils.c">
      <Filter>Source files\lvgl</Filter>
    </ClCompile>
    <ClCompile Include="lvgl\src\lv_widgets\lv_win.c">
      <Filter>Source files\lvgl</Filter>
    </ClCompile>
    <ClCompile Include="lv_demo_stress.c">
      <Filter>Source files\lvgl</Filter>
    </ClCompile>
  </ItemGroup>
  <ItemGroup>
    <ClInclude Include="F4_Peripherals\stm32f4xx_ltdc.h">
      <Filter>Header files\F4_Peripherals</Filter>
    </ClInclude>
    <ClInclude Include="F4_Peripherals\fonts.h">
      <Filter>Header files\F4_Peripherals</Filter>
    </ClInclude>
    <ClInclude Include="F4_Peripherals\rgb565_240x320.h">
      <Filter>Header files</Filter>
    </ClInclude>
    <ClInclude Include="images\st_logo1.h">
      <Filter>Header files\images</Filter>
    </ClInclude>
    <ClInclude Include="images\st_logo2.h">
      <Filter>Header files\images</Filter>
    </ClInclude>
    <ClInclude Include="resource.h">
      <Filter>Header files</Filter>
    </ClInclude>
    <ClInclude Include="lvgl\src\lv_misc\lv_anim.h">
      <Filter>Header files\lvgl</Filter>
    </ClInclude>
    <ClInclude Include="lvgl\src\lv_api_map.h">
      <Filter>Header files\lvgl</Filter>
    </ClInclude>
    <ClInclude Include="lvgl\src\lv_widgets\lv_arc.h">
      <Filter>Header files\lvgl</Filter>
    </ClInclude>
    <ClInclude Include="lvgl\src\lv_misc\lv_area.h">
      <Filter>Header files\lvgl</Filter>
    </ClInclude>
    <ClInclude Include="lvgl\src\lv_misc\lv_async.h">
      <Filter>Header files\lvgl</Filter>
    </ClInclude>
    <ClInclude Include="lvgl\src\lv_widgets\lv_bar.h">
      <Filter>Header files\lvgl</Filter>
    </ClInclude>
    <ClInclude Include="lvgl\src\lv_misc\lv_bidi.h">
      <Filter>Header files\lvgl</Filter>
    </ClInclude>
    <ClInclude Include="lvgl\src\lv_widgets\lv_btn.h">
      <Filter>Header files\lvgl</Filter>
    </ClInclude>
    <ClInclude Include="lvgl\src\lv_widgets\lv_btnmatrix.h">
      <Filter>Header files\lvgl</Filter>
    </ClInclude>
    <ClInclude Include="lvgl\src\lv_widgets\lv_calendar.h">
      <Filter>Header files\lvgl</Filter>
    </ClInclude>
    <ClInclude Include="lvgl\src\lv_widgets\lv_canvas.h">
      <Filter>Header files\lvgl</Filter>
    </ClInclude>
    <ClInclude Include="lvgl\src\lv_widgets\lv_chart.h">
      <Filter>Header files\lvgl</Filter>
    </ClInclude>
    <ClInclude Include="lvgl\src\lv_widgets\lv_checkbox.h">
      <Filter>Header files\lvgl</Filter>
    </ClInclude>
    <ClInclude Include="lvgl\src\lv_misc\lv_color.h">
      <Filter>Header files\lvgl</Filter>
    </ClInclude>
    <ClInclude Include="lvgl\src\lv_conf_internal.h">
      <Filter>Header files\lvgl</Filter>
    </ClInclude>
    <ClInclude Include="lvgl\src\lv_widgets\lv_cont.h">
      <Filter>Header files\lvgl</Filter>
    </ClInclude>
    <ClInclude Include="lvgl\src\lv_widgets\lv_cpicker.h">
      <Filter>Header files\lvgl</Filter>
    </ClInclude>
    <ClInclude Include="lvgl\src\lv_misc\lv_debug.h">
      <Filter>Header files\lvgl</Filter>
    </ClInclude>
    <ClInclude Include="lvgl\src\lv_core\lv_disp.h">
      <Filter>Header files\lvgl</Filter>
    </ClInclude>
    <ClInclude Include="lvgl\src\lv_draw\lv_draw.h">
      <Filter>Header files\lvgl</Filter>
    </ClInclude>
    <ClInclude Include="lvgl\src\lv_draw\lv_draw_arc.h">
      <Filter>Header files\lvgl</Filter>
    </ClInclude>
    <ClInclude Include="lvgl\src\lv_draw\lv_draw_blend.h">
      <Filter>Header files\lvgl</Filter>
    </ClInclude>
    <ClInclude Include="lvgl\src\lv_draw\lv_draw_img.h">
      <Filter>Header files\lvgl</Filter>
    </ClInclude>
    <ClInclude Include="lvgl\src\lv_draw\lv_draw_label.h">
      <Filter>Header files\lvgl</Filter>
    </ClInclude>
    <ClInclude Include="lvgl\src\lv_draw\lv_draw_line.h">
      <Filter>Header files\lvgl</Filter>
    </ClInclude>
    <ClInclude Include="lvgl\src\lv_draw\lv_draw_mask.h">
      <Filter>Header files\lvgl</Filter>
    </ClInclude>
    <ClInclude Include="lvgl\src\lv_draw\lv_draw_rect.h">
      <Filter>Header files\lvgl</Filter>
    </ClInclude>
    <ClInclude Include="lvgl\src\lv_draw\lv_draw_triangle.h">
      <Filter>Header files\lvgl</Filter>
    </ClInclude>
    <ClInclude Include="lvgl\src\lv_widgets\lv_dropdown.h">
      <Filter>Header files\lvgl</Filter>
    </ClInclude>
    <ClInclude Include="lvgl\src\lv_font\lv_font.h">
      <Filter>Header files\lvgl</Filter>
    </ClInclude>
    <ClInclude Include="lvgl\src\lv_font\lv_font_fmt_txt.h">
      <Filter>Header files\lvgl</Filter>
    </ClInclude>
    <ClInclude Include="lvgl\src\lv_font\lv_font_loader.h">
      <Filter>Header files\lvgl</Filter>
    </ClInclude>
    <ClInclude Include="lvgl\src\lv_misc\lv_fs.h">
      <Filter>Header files\lvgl</Filter>
    </ClInclude>
    <ClInclude Include="lvgl\src\lv_widgets\lv_gauge.h">
      <Filter>Header files\lvgl</Filter>
    </ClInclude>
    <ClInclude Include="lvgl\src\lv_misc\lv_gc.h">
      <Filter>Header files\lvgl</Filter>
    </ClInclude>
    <ClInclude Include="lvgl\src\lv_gpu\lv_gpu_stm32_dma2d.h">
      <Filter>Header files\lvgl</Filter>
    </ClInclude>
    <ClInclude Include="lvgl\src\lv_core\lv_group.h">
      <Filter>Header files\lvgl</Filter>
    </ClInclude>
    <ClInclude Include="lvgl\src\lv_hal\lv_hal.h">
      <Filter>Header files\lvgl</Filter>
    </ClInclude>
    <ClInclude Include="lvgl\src\lv_hal\lv_hal_disp.h">
      <Filter>Header files\lvgl</Filter>
    </ClInclude>
    <ClInclude Include="lvgl\src\lv_hal\lv_hal_indev.h">
      <Filter>Header files\lvgl</Filter>
    </ClInclude>
    <ClInclude Include="lvgl\src\lv_hal\lv_hal_tick.h">
      <Filter>Header files\lvgl</Filter>
    </ClInclude>
    <ClInclude Include="lvgl\src\lv_widgets\lv_img.h">
      <Filter>Header files\lvgl</Filter>
    </ClInclude>
    <ClInclude Include="lvgl\src\lv_draw\lv_img_buf.h">
      <Filter>Header files\lvgl</Filter>
    </ClInclude>
    <ClInclude Include="lvgl\src\lv_draw\lv_img_cache.h">
      <Filter>Header files\lvgl</Filter>
    </ClInclude>
    <ClInclude Include="lvgl\src\lv_draw\lv_img_decoder.h">
      <Filter>Header files\lvgl</Filter>
    </ClInclude>
    <ClInclude Include="lvgl\src\lv_widgets\lv_imgbtn.h">
      <Filter>Header files\lvgl</Filter>
    </ClInclude>
    <ClInclude Include="lvgl\src\lv_core\lv_indev.h">
      <Filter>Header files\lvgl</Filter>
    </ClInclude>
    <ClInclude Include="lvgl\src\lv_widgets\lv_keyboard.h">
      <Filter>Header files\lvgl</Filter>
    </ClInclude>
    <ClInclude Include="lvgl\src\lv_widgets\lv_label.h">
      <Filter>Header files\lvgl</Filter>
    </ClInclude>
    <ClInclude Include="lvgl\src\lv_widgets\lv_led.h">
      <Filter>Header files\lvgl</Filter>
    </ClInclude>
    <ClInclude Include="lvgl\src\lv_widgets\lv_line.h">
      <Filter>Header files\lvgl</Filter>
    </ClInclude>
    <ClInclude Include="lvgl\src\lv_widgets\lv_linemeter.h">
      <Filter>Header files\lvgl</Filter>
    </ClInclude>
    <ClInclude Include="lvgl\src\lv_widgets\lv_list.h">
      <Filter>Header files\lvgl</Filter>
    </ClInclude>
    <ClInclude Include="lvgl\src\lv_misc\lv_ll.h">
      <Filter>Header files\lvgl</Filter>
    </ClInclude>
    <ClInclude Include="lvgl\src\lv_misc\lv_log.h">
      <Filter>Header files\lvgl</Filter>
    </ClInclude>
    <ClInclude Include="lvgl\src\lv_misc\lv_math.h">
      <Filter>Header files\lvgl</Filter>
    </ClInclude>
    <ClInclude Include="lvgl\src\lv_misc\lv_mem.h">
      <Filter>Header files\lvgl</Filter>
    </ClInclude>
    <ClInclude Include="lvgl\src\lv_widgets\lv_msgbox.h">
      <Filter>Header files\lvgl</Filter>
    </ClInclude>
    <ClInclude Include="lvgl\src\lv_core\lv_obj.h">
      <Filter>Header files\lvgl</Filter>
    </ClInclude>
    <ClInclude Include="lvgl\src\lv_core\lv_obj_style_dec.h">
      <Filter>Header files\lvgl</Filter>
    </ClInclude>
    <ClInclude Include="lvgl\src\lv_widgets\lv_objmask.h">
      <Filter>Header files\lvgl</Filter>
    </ClInclude>
    <ClInclude Include="lvgl\src\lv_widgets\lv_objx_templ.h">
      <Filter>Header files\lvgl</Filter>
    </ClInclude>
    <ClInclude Include="lvgl\src\lv_widgets\lv_page.h">
      <Filter>Header files\lvgl</Filter>
    </ClInclude>
    <ClInclude Include="lvgl\examples\porting\lv_port_disp_template.h">
      <Filter>Header files\lvgl</Filter>
    </ClInclude>
    <ClInclude Include="lvgl\examples\porting\lv_port_fs_template.h">
      <Filter>Header files\lvgl</Filter>
    </ClInclude>
    <ClInclude Include="lvgl\examples\porting\lv_port_indev_template.h">
      <Filter>Header files\lvgl</Filter>
    </ClInclude>
    <ClInclude Include="lvgl\src\lv_misc\lv_printf.h">
      <Filter>Header files\lvgl</Filter>
    </ClInclude>
    <ClInclude Include="lvgl\src\lv_core\lv_refr.h">
      <Filter>Header files\lvgl</Filter>
    </ClInclude>
    <ClInclude Include="lvgl\src\lv_widgets\lv_roller.h">
      <Filter>Header files\lvgl</Filter>
    </ClInclude>
    <ClInclude Include="lvgl\src\lv_widgets\lv_slider.h">
      <Filter>Header files\lvgl</Filter>
    </ClInclude>
    <ClInclude Include="lvgl\src\lv_widgets\lv_spinbox.h">
      <Filter>Header files\lvgl</Filter>
    </ClInclude>
    <ClInclude Include="lvgl\src\lv_widgets\lv_spinner.h">
      <Filter>Header files\lvgl</Filter>
    </ClInclude>
    <ClInclude Include="lvgl\src\lv_core\lv_style.h">
      <Filter>Header files\lvgl</Filter>
    </ClInclude>
    <ClInclude Include="lvgl\src\lv_widgets\lv_switch.h">
      <Filter>Header files\lvgl</Filter>
    </ClInclude>
    <ClInclude Include="lvgl\src\lv_font\lv_symbol_def.h">
      <Filter>Header files\lvgl</Filter>
    </ClInclude>
    <ClInclude Include="lvgl\src\lv_widgets\lv_table.h">
      <Filter>Header files\lvgl</Filter>
    </ClInclude>
    <ClInclude Include="lvgl\src\lv_widgets\lv_tabview.h">
      <Filter>Header files\lvgl</Filter>
    </ClInclude>
    <ClInclude Include="lvgl\src\lv_misc\lv_task.h">
      <Filter>Header files\lvgl</Filter>
    </ClInclude>
    <ClInclude Include="lvgl\src\lv_misc\lv_templ.h">
      <Filter>Header files\lvgl</Filter>
    </ClInclude>
    <ClInclude Include="lvgl\tests\lv_test_assert.h">
      <Filter>Header files\lvgl</Filter>
    </ClInclude>
    <ClInclude Include="lvgl\tests\lv_test_conf.h">
      <Filter>Header files\lvgl</Filter>
    </ClInclude>
    <ClInclude Include="lvgl\tests\lv_test_objx\lv_test_cont.h">
      <Filter>Header files\lvgl</Filter>
    </ClInclude>
    <ClInclude Include="lvgl\tests\lv_test_core\lv_test_core.h">
      <Filter>Header files\lvgl</Filter>
    </ClInclude>
    <ClInclude Include="lvgl\tests\lv_test_core\lv_test_font_loader.h">
      <Filter>Header files\lvgl</Filter>
    </ClInclude>
    <ClInclude Include="lvgl\tests\lv_test_core\lv_test_obj.h">
      <Filter>Header files\lvgl</Filter>
    </ClInclude>
    <ClInclude Include="lvgl\tests\lv_test_core\lv_test_style.h">
      <Filter>Header files\lvgl</Filter>
    </ClInclude>
    <ClInclude Include="lvgl\src\lv_widgets\lv_textarea.h">
      <Filter>Header files\lvgl</Filter>
    </ClInclude>
    <ClInclude Include="lvgl\src\lv_themes\lv_theme.h">
      <Filter>Header files\lvgl</Filter>
    </ClInclude>
    <ClInclude Include="lvgl\src\lv_themes\lv_theme_empty.h">
      <Filter>Header files\lvgl</Filter>
    </ClInclude>
    <ClInclude Include="lvgl\src\lv_themes\lv_theme_material.h">
      <Filter>Header files\lvgl</Filter>
    </ClInclude>
    <ClInclude Include="lvgl\src\lv_themes\lv_theme_mono.h">
      <Filter>Header files\lvgl</Filter>
    </ClInclude>
    <ClInclude Include="lvgl\src\lv_themes\lv_theme_template.h">
      <Filter>Header files\lvgl</Filter>
    </ClInclude>
    <ClInclude Include="lvgl\src\lv_widgets\lv_tileview.h">
      <Filter>Header files\lvgl</Filter>
    </ClInclude>
    <ClInclude Include="lvgl\src\lv_misc\lv_txt.h">
      <Filter>Header files\lvgl</Filter>
    </ClInclude>
    <ClInclude Include="lvgl\src\lv_misc\lv_txt_ap.h">
      <Filter>Header files\lvgl</Filter>
    </ClInclude>
    <ClInclude Include="lvgl\src\lv_misc\lv_types.h">
      <Filter>Header files\lvgl</Filter>
    </ClInclude>
    <ClInclude Include="lvgl\src\lv_misc\lv_utils.h">
      <Filter>Header files\lvgl</Filter>
    </ClInclude>
    <ClInclude Include="lvgl\src\lv_widgets\lv_win.h">
      <Filter>Header files\lvgl</Filter>
    </ClInclude>
    <ClInclude Include="lvgl\lvgl.h">
      <Filter>Header files\lvgl</Filter>
    </ClInclude>
    <ClInclude Include="lvgl\src\lvgl.h">
      <Filter>Header files\lvgl</Filter>
    </ClInclude>
    <ClInclude Include="lvgl\lv_conf.h">
      <Filter>Header files\lvgl</Filter>
    </ClInclude>
    <ClInclude Include="lv_demo_stress.h">
      <Filter>Header files\lvgl</Filter>
    </ClInclude>
  </ItemGroup>
  <ItemGroup>
    <ResourceCompile Include="STM32F4_TG.rc">
      <Filter>Resource files</Filter>
    </ResourceCompile>
  </ItemGroup>
</Project>